
Microsoft Visual Studio Solution File, Format Version 12.00
# Visual Studio Version 16
VisualStudioVersion = 16.0.30204.135
MinimumVisualStudioVersion = 10.0.40219.1
Project("{9A19103F-16F7-4668-BE54-9A1E7A4F7556}") = "KH3AssetHelper", "KH3AssetHelper.csproj", "{CDA3F069-38DB-4403-AAD3-24C24E5EAA22}"
EndProject
Project("{9A19103F-16F7-4668-BE54-9A1E7A4F7556}") = "KH3AHUI", "..\UI\KH3AHUI.csproj", "{AFC657BB-0389-4C52-83B7-34BAB86CF820}"
EndProject
Project("{FAE04EC0-301F-11D3-BF4B-00C04F79EFBC}") = "KH3MapsExporter", "..\KH3MapsExporter\KH3MapsExporter.csproj", "{2A889215-A539-49FC-95F7-531DDCAECA6E}"
EndProject
Global
	GlobalSection(SolutionConfigurationPlatforms) = preSolution
		Debug|Any CPU = Debug|Any CPU
		Release|Any CPU = Release|Any CPU
	EndGlobalSection
	GlobalSection(ProjectConfigurationPlatforms) = postSolution
		{CDA3F069-38DB-4403-AAD3-24C24E5EAA22}.Debug|Any CPU.ActiveCfg = Debug|Any CPU
		{CDA3F069-38DB-4403-AAD3-24C24E5EAA22}.Debug|Any CPU.Build.0 = Debug|Any CPU
		{CDA3F069-38DB-4403-AAD3-24C24E5EAA22}.Release|Any CPU.ActiveCfg = Release|Any CPU
		{CDA3F069-38DB-4403-AAD3-24C24E5EAA22}.Release|Any CPU.Build.0 = Release|Any CPU
		{AFC657BB-0389-4C52-83B7-34BAB86CF820}.Debug|Any CPU.ActiveCfg = Debug|Any CPU
		{AFC657BB-0389-4C52-83B7-34BAB86CF820}.Debug|Any CPU.Build.0 = Debug|Any CPU
		{AFC657BB-0389-4C52-83B7-34BAB86CF820}.Release|Any CPU.ActiveCfg = Release|Any CPU
		{AFC657BB-0389-4C52-83B7-34BAB86CF820}.Release|Any CPU.Build.0 = Release|Any CPU
		{2A889215-A539-49FC-95F7-531DDCAECA6E}.Debug|Any CPU.ActiveCfg = Debug|Any CPU
		{2A889215-A539-49FC-95F7-531DDCAECA6E}.Debug|Any CPU.Build.0 = Debug|Any CPU
		{2A889215-A539-49FC-95F7-531DDCAECA6E}.Release|Any CPU.ActiveCfg = Release|Any CPU
		{2A889215-A539-49FC-95F7-531DDCAECA6E}.Release|Any CPU.Build.0 = Release|Any CPU
	EndGlobalSection
	GlobalSection(SolutionProperties) = preSolution
		HideSolutionNode = FALSE
	EndGlobalSection
	GlobalSection(ExtensibilityGlobals) = postSolution
		SolutionGuid = {91B4FBB0-8A03-425D-9A7E-3813B17C8380}
	EndGlobalSection
EndGlobal
